
Microsoft Visual Studio Solution File, Format Version 12.00
# Visual Studio Version 16
VisualStudioVersion = 16.0.31005.135
MinimumVisualStudioVersion = 10.0.40219.1
Project("{FAE04EC0-301F-11D3-BF4B-00C04F79EFBC}") = "SummerTask", "src\SummerTask\SummerTask.csproj", "{53AA7028-6036-444F-93F6-A7A634FE6D99}"
EndProject
Project("{FAE04EC0-301F-11D3-BF4B-00C04F79EFBC}") = "FormatConverter", "src\FormatConverter\FormatConverter.csproj", "{84E5C2D7-4323-426D-B13D-BC92C3D4EC4B}"
EndProject
Global
	GlobalSection(SolutionConfigurationPlatforms) = preSolution
		Debug|Any CPU = Debug|Any CPU
		Release|Any CPU = Release|Any CPU
	EndGlobalSection
	GlobalSection(ProjectConfigurationPlatforms) = postSolution
		{53AA7028-6036-444F-93F6-A7A634FE6D99}.Debug|Any CPU.ActiveCfg = Debug|Any CPU
		{53AA7028-6036-444F-93F6-A7A634FE6D99}.Debug|Any CPU.Build.0 = Debug|Any CPU
		{53AA7028-6036-444F-93F6-A7A634FE6D99}.Release|Any CPU.ActiveCfg = Release|Any CPU
		{53AA7028-6036-444F-93F6-A7A634FE6D99}.Release|Any CPU.Build.0 = Release|Any CPU
		{84E5C2D7-4323-426D-B13D-BC92C3D4EC4B}.Debug|Any CPU.ActiveCfg = Debug|Any CPU
		{84E5C2D7-4323-426D-B13D-BC92C3D4EC4B}.Debug|Any CPU.Build.0 = Debug|Any CPU
		{84E5C2D7-4323-426D-B13D-BC92C3D4EC4B}.Release|Any CPU.ActiveCfg = Release|Any CPU
		{84E5C2D7-4323-426D-B13D-BC92C3D4EC4B}.Release|Any CPU.Build.0 = Release|Any CPU
	EndGlobalSection
	GlobalSection(SolutionProperties) = preSolution
		HideSolutionNode = FALSE
	EndGlobalSection
	GlobalSection(ExtensibilityGlobals) = postSolution
		SolutionGuid = {E372C4E4-F604-428C-A62B-33B3CBB96BCA}
	EndGlobalSection
EndGlobal
